github.com/HugoBlox/hugo-blox-builder/modules/blox-bootstrap/v5 v5.9.8-0.20241012174104-661cadc17327 h1:aKhll1k3EctTWSvLZYrkhz4ehSqo1+OX5Ho7LvfZR/0=
github.com/HugoBlox/hugo-blox-builder/modules/blox-bootstrap/v5 v5.9.8-0.20241012174104-661cadc17327/go.mod h1:+Itucnia7M8NWxaEys257x/34K4+POiBlR1yYCTrzBM=
github.com/HugoBlox/hugo-blox-builder/modules/blox-core v0.3.1/go.mod h1:So8+V2U+TNxlXmcpZfdDX0muLh3PdJ7z92h30sv3bZg=
github.com/HugoBlox/hugo-blox-builder/modules/blox-seo v0.2.3/go.mod h1:NsESu6cEms1DgH84icCyylElg2Zu8A0f7Fma5JR0LZE=
